
Microsoft Visual Studio Solution File, Format Version 12.00
# Visual Studio Version 16
VisualStudioVersion = 16.0.31410.357
MinimumVisualStudioVersion = 10.0.40219.1
Project("{FAE04EC0-301F-11D3-BF4B-00C04F79EFBC}") = "LV598POLearn", "LV598POLearn\LV598POLearn.csproj", "{700571BA-AA40-4457-9678-F35B082E0030}"
EndProject
Global
	GlobalSection(SolutionConfigurationPlatforms) = preSolution
		Debug|Any CPU = Debug|Any CPU
		Release|Any CPU = Release|Any CPU
	EndGlobalSection
	GlobalSection(ProjectConfigurationPlatforms) = postSolution
		{700571BA-AA40-4457-9678-F35B082E0030}.Debug|Any CPU.ActiveCfg = Debug|Any CPU
		{700571BA-AA40-4457-9678-F35B082E0030}.Debug|Any CPU.Build.0 = Debug|Any CPU
		{700571BA-AA40-4457-9678-F35B082E0030}.Release|Any CPU.ActiveCfg = Release|Any CPU
		{700571BA-AA40-4457-9678-F35B082E0030}.Release|Any CPU.Build.0 = Release|Any CPU
	EndGlobalSection
	GlobalSection(SolutionProperties) = preSolution
		HideSolutionNode = FALSE
	EndGlobalSection
	GlobalSection(ExtensibilityGlobals) = postSolution
		SolutionGuid = {3D7AFEC4-3B99-4D3E-B2FE-540D04ADCE63}
	EndGlobalSection
EndGlobal
